github.com/mattn/go-zglob v0.0.8 h1:g/5T0tizbs+419GtiXvMDkOg+RIBu1qi+B2teiHsnNE=
github.com/mattn/go-zglob v0.0.8/go.mod h1:MxxjyoXXnMxfIpxTK2GAkw1w8glPsQILx3N5wrKakiY=
golang.org/x/text v0.42.0 h1:JbOZXgfeCPU9gacVtYliJqOhD+zhrEqK4LfdpmlUZqI=
golang.org/x/text v0.42.0/go.mod h1:ojzP1Z+2QtioaF8DTtO8K5q7JWVVYwZKenzujK0Zd0E=
